
Microsoft Visual Studio Solution File, Format Version 12.00
# Visual Studio 14
VisualStudioVersion = 14.0.25420.1
MinimumVisualStudioVersion = 10.0.40219.1
Project("{FAE04EC0-301F-11D3-BF4B-00C04F79EFBC}") = "MVCDynamic7amBatch", "MVCDynamic7amBatch\MVCDynamic7amBatch.csproj", "{0D1F5A4D-9C24-4315-8A2E-F75A023994CC}"
EndProject
Project("{FAE04EC0-301F-11D3-BF4B-00C04F79EFBC}") = "DapperExample", "DapperExample\DapperExample.csproj", "{EF5F42A7-4781-4C98-9C4F-33931A1D5AE2}"
EndProject
Project("{FAE04EC0-301F-11D3-BF4B-00C04F79EFBC}") = "AdoNet", "AdoNet\AdoNet.csproj", "{4A8F88D2-93DD-4D88-95B1-596C88D9C9E3}"
EndProject
Global
	GlobalSection(SolutionConfigurationPlatforms) = preSolution
		Debug|Any CPU = Debug|Any CPU
		Release|Any CPU = Release|Any CPU
	EndGlobalSection
	GlobalSection(ProjectConfigurationPlatforms) = postSolution
		{0D1F5A4D-9C24-4315-8A2E-F75A023994CC}.Debug|Any CPU.ActiveCfg = Debug|Any CPU
		{0D1F5A4D-9C24-4315-8A2E-F75A023994CC}.Debug|Any CPU.Build.0 = Debug|Any CPU
		{0D1F5A4D-9C24-4315-8A2E-F75A023994CC}.Release|Any CPU.ActiveCfg = Release|Any CPU
		{0D1F5A4D-9C24-4315-8A2E-F75A023994CC}.Release|Any CPU.Build.0 = Release|Any CPU
		{EF5F42A7-4781-4C98-9C4F-33931A1D5AE2}.Debug|Any CPU.ActiveCfg = Debug|Any CPU
		{EF5F42A7-4781-4C98-9C4F-33931A1D5AE2}.Debug|Any CPU.Build.0 = Debug|Any CPU
		{EF5F42A7-4781-4C98-9C4F-33931A1D5AE2}.Release|Any CPU.ActiveCfg = Release|Any CPU
		{EF5F42A7-4781-4C98-9C4F-33931A1D5AE2}.Release|Any CPU.Build.0 = Release|Any CPU
		{4A8F88D2-93DD-4D88-95B1-596C88D9C9E3}.Debug|Any CPU.ActiveCfg = Debug|Any CPU
		{4A8F88D2-93DD-4D88-95B1-596C88D9C9E3}.Debug|Any CPU.Build.0 = Debug|Any CPU
		{4A8F88D2-93DD-4D88-95B1-596C88D9C9E3}.Release|Any CPU.ActiveCfg = Release|Any CPU
		{4A8F88D2-93DD-4D88-95B1-596C88D9C9E3}.Release|Any CPU.Build.0 = Release|Any CPU
	EndGlobalSection
	GlobalSection(SolutionProperties) = preSolution
		HideSolutionNode = FALSE
	EndGlobalSection
EndGlobal
